// !$*UTF8*$!
{
	archiveVersion = 1;
	classes = {
	};
	objectVersion = 50;
	objects = {

/* Begin PBXBuildFile section */
		840B18BD22D695610058725D /* AnotherTabCoordinator.swift in Sources */ = {isa = PBXBuildFile; fileRef = 840B18BC22D695610058725D /* AnotherTabCoordinator.swift */; };
		840B18CF22D789BD0058725D /* BuyCoordinator.swift in Sources */ = {isa = PBXBuildFile; fileRef = 840B18CE22D789BD0058725D /* BuyCoordinator.swift */; };
		84AD5BEC22D4C78900999E03 /* AppDelegate.swift in Sources */ = {isa = PBXBuildFile; fileRef = 84AD5BEB22D4C78900999E03 /* AppDelegate.swift */; };
		84AD5BEE22D4C78900999E03 /* FirstController.swift in Sources */ = {isa = PBXBuildFile; fileRef = 84AD5BED22D4C78900999E03 /* FirstController.swift */; };
		84AD5BF322D4C78A00999E03 /* Assets.xcassets in Resources */ = {isa = PBXBuildFile; fileRef = 84AD5BF222D4C78A00999E03 /* Assets.xcassets */; };
		84AD5BF622D4C78A00999E03 /* LaunchScreen.storyboard in Resources */ = {isa = PBXBuildFile; fileRef = 84AD5BF422D4C78A00999E03 /* LaunchScreen.storyboard */; };
		84AD5BFE22D4C79D00999E03 /* Coordinator.swift in Sources */ = {isa = PBXBuildFile; fileRef = 84AD5BFD22D4C79D00999E03 /* Coordinator.swift */; };
		84AD5C0422D4CB5D00999E03 /* BuyViewController.swift in Sources */ = {isa = PBXBuildFile; fileRef = 84AD5C0322D4CB5D00999E03 /* BuyViewController.swift */; };
		84AD5C0622D4CB6B00999E03 /* CreateViewController.swift in Sources */ = {isa = PBXBuildFile; fileRef = 84AD5C0522D4CB6B00999E03 /* CreateViewController.swift */; };
		84AD5C1322D5027B00999E03 /* SecondController.swift in Sources */ = {isa = PBXBuildFile; fileRef = 84AD5C1222D5027B00999E03 /* SecondController.swift */; };
		84AD5C1522D5049800999E03 /* OpeningController.swift in Sources */ = {isa = PBXBuildFile; fileRef = 84AD5C1422D5049800999E03 /* OpeningController.swift */; };
		84AD5C1722D505C000999E03 /* OpeningControllerCoordinator.swift in Sources */ = {isa = PBXBuildFile; fileRef = 84AD5C1622D505C000999E03 /* OpeningControllerCoordinator.swift */; };
		84EE59B722D64A3B004BD2E2 /* AnotherTabController.swift in Sources */ = {isa = PBXBuildFile; fileRef = 84EE59B622D64A3B004BD2E2 /* AnotherTabController.swift */; };
		84EE59B922D64B7B004BD2E2 /* SecondControllerCoordinator.swift in Sources */ = {isa = PBXBuildFile; fileRef = 84EE59B822D64B7B004BD2E2 /* SecondControllerCoordinator.swift */; };
		84EE59BB22D64B87004BD2E2 /* FirstControllerCoordinator.swift in Sources */ = {isa = PBXBuildFile; fileRef = 84EE59BA22D64B87004BD2E2 /* FirstControllerCoordinator.swift */; };
/* End PBXBuildFile section */

/* Begin PBXFileReference section */
		840B18BC22D695610058725D /* AnotherTabCoordinator.swift */ = {isa = PBXFileReference; fileEncoding = 4; lastKnownFileType = sourcecode.swift; path = AnotherTabCoordinator.swift; sourceTree = "<group>"; };
		840B18CE22D789BD0058725D /* BuyCoordinator.swift */ = {isa = PBXFileReference; lastKnownFileType = sourcecode.swift; path = BuyCoordinator.swift; sourceTree = "<group>"; };
		84AD5BE822D4C78900999E03 /* Coordinator Test.app */ = {isa = PBXFileReference; explicitFileType = wrapper.application; includeInIndex = 0; path = "Coordinator Test.app"; sourceTree = BUILT_PRODUCTS_DIR; };
		84AD5BEB22D4C78900999E03 /* AppDelegate.swift */ = {isa = PBXFileReference; lastKnownFileType = sourcecode.swift; path = AppDelegate.swift; sourceTree = "<group>"; };
		84AD5BED22D4C78900999E03 /* FirstController.swift */ = {isa = PBXFileReference; lastKnownFileType = sourcecode.swift; path = FirstController.swift; sourceTree = "<group>"; };
		84AD5BF222D4C78A00999E03 /* Assets.xcassets */ = {isa = PBXFileReference; lastKnownFileType = folder.assetcatalog; path = Assets.xcassets; sourceTree = "<group>"; };
		84AD5BF522D4C78A00999E03 /* Base */ = {isa = PBXFileReference; lastKnownFileType = file.storyboard; name = Base; path = Base.lproj/LaunchScreen.storyboard; sourceTree = "<group>"; };
		84AD5BF722D4C78A00999E03 /* Info.plist */ = {isa = PBXFileReference; lastKnownFileType = text.plist.xml; path = Info.plist; sourceTree = "<group>"; };
		84AD5BFD22D4C79D00999E03 /* Coordinator.swift */ = {isa = PBXFileReference; lastKnownFileType = sourcecode.swift; path = Coordinator.swift; sourceTree = "<group>"; };
		84AD5C0322D4CB5D00999E03 /* BuyViewController.swift */ = {isa = PBXFileReference; lastKnownFileType = sourcecode.swift; path = BuyViewController.swift; sourceTree = "<group>"; };
		84AD5C0522D4CB6B00999E03 /* CreateViewController.swift */ = {isa = PBXFileReference; lastKnownFileType = sourcecode.swift; path = CreateViewController.swift; sourceTree = "<group>"; };
		84AD5C1222D5027B00999E03 /* SecondController.swift */ = {isa = PBXFileReference; lastKnownFileType = sourcecode.swift; path = SecondController.swift; sourceTree = "<group>"; xcLanguageSpecificationIdentifier = xcode.lang.swift; };
		84AD5C1422D5049800999E03 /* OpeningController.swift */ = {isa = PBXFileReference; lastKnownFileType = sourcecode.swift; path = OpeningController.swift; sourceTree = "<group>"; };
		84AD5C1622D505C000999E03 /* OpeningControllerCoordinator.swift */ = {isa = PBXFileReference; lastKnownFileType = sourcecode.swift; path = OpeningControllerCoordinator.swift; sourceTree = "<group>"; xcLanguageSpecificationIdentifier = xcode.lang.swift; };
		84EE59B622D64A3B004BD2E2 /* AnotherTabController.swift */ = {isa = PBXFileReference; lastKnownFileType = sourcecode.swift; path = AnotherTabController.swift; sourceTree = "<group>"; };
		84EE59B822D64B7B004BD2E2 /* SecondControllerCoordinator.swift */ = {isa = PBXFileReference; lastKnownFileType = sourcecode.swift; path = SecondControllerCoordinator.swift; sourceTree = "<group>"; };
		84EE59BA22D64B87004BD2E2 /* FirstControllerCoordinator.swift */ = {isa = PBXFileReference; lastKnownFileType = sourcecode.swift; path = FirstControllerCoordinator.swift; sourceTree = "<group>"; xcLanguageSpecificationIdentifier = xcode.lang.swift; };
/* End PBXFileReference section */

/* Begin PBXFrameworksBuildPhase section */
		84AD5BE522D4C78900999E03 /* Frameworks */ = {
			isa = PBXFrameworksBuildPhase;
			buildActionMask = 2147483647;
			files = (
			);
			runOnlyForDeploymentPostprocessing = 0;
		};
/* End PBXFrameworksBuildPhase section */

/* Begin PBXGroup section */
		84AD5BDF22D4C78900999E03 = {
			isa = PBXGroup;
			children = (
				84AD5BEA22D4C78900999E03 /* Coordinator Test */,
				84AD5BE922D4C78900999E03 /* Products */,
			);
			sourceTree = "<group>";
		};
		84AD5BE922D4C78900999E03 /* Products */ = {
			isa = PBXGroup;
			children = (
				84AD5BE822D4C78900999E03 /* Coordinator Test.app */,
			);
			name = Products;
			sourceTree = "<group>";
		};
		84AD5BEA22D4C78900999E03 /* Coordinator Test */ = {
			isa = PBXGroup;
			children = (
				84AD5C0822D4CDE900999E03 /* Model */,
				84AD5C0722D4CDDA00999E03 /* Controllers */,
				84AD5BEB22D4C78900999E03 /* AppDelegate.swift */,
				84AD5BF222D4C78A00999E03 /* Assets.xcassets */,
				84AD5BF422D4C78A00999E03 /* LaunchScreen.storyboard */,
				84AD5BF722D4C78A00999E03 /* Info.plist */,
				84AD5BFD22D4C79D00999E03 /* Coordinator.swift */,
			);
			path = "Coordinator Test";
			sourceTree = "<group>";
		};
		84AD5C0722D4CDDA00999E03 /* Controllers */ = {
			isa = PBXGroup;
			children = (
				84EE59B622D64A3B004BD2E2 /* AnotherTabController.swift */,
				84AD5C1422D5049800999E03 /* OpeningController.swift */,
				84AD5BED22D4C78900999E03 /* FirstController.swift */,
				84AD5C1222D5027B00999E03 /* SecondController.swift */,
				84AD5C0322D4CB5D00999E03 /* BuyViewController.swift */,
				84AD5C0522D4CB6B00999E03 /* CreateViewController.swift */,
			);
			path = Controllers;
			sourceTree = "<group>";
		};
		84AD5C0822D4CDE900999E03 /* Model */ = {
			isa = PBXGroup;
			children = (
				84AD5C1622D505C000999E03 /* OpeningControllerCoordinator.swift */,
				840B18BC22D695610058725D /* AnotherTabCoordinator.swift */,
				84EE59BA22D64B87004BD2E2 /* FirstControllerCoordinator.swift */,
				84EE59B822D64B7B004BD2E2 /* SecondControllerCoordinator.swift */,
				840B18CE22D789BD0058725D /* BuyCoordinator.swift */,
			);
			path = Model;
			sourceTree = "<group>";
		};
/* End PBXGroup section */

/* Begin PBXNativeTarget section */
		84AD5BE722D4C78900999E03 /* Coordinator Test */ = {
			isa = PBXNativeTarget;
			buildConfigurationList = 84AD5BFA22D4C78A00999E03 /* Build configuration list for PBXNativeTarget "Coordinator Test" */;
			buildPhases = (
				84AD5BE422D4C78900999E03 /* Sources */,
				84AD5BE522D4C78900999E03 /* Frameworks */,
				84AD5BE622D4C78900999E03 /* Resources */,
			);
			buildRules = (
			);
			dependencies = (
			);
			name = "Coordinator Test";
			productName = "Coordinator Test";
			productReference = 84AD5BE822D4C78900999E03 /* Coordinator Test.app */;
			productType = "com.apple.product-type.application";
		};
/* End PBXNativeTarget section */

/* Begin PBXProject section */
		84AD5BE022D4C78900999E03 /* Project object */ = {
			isa = PBXProject;
			attributes = {
				LastSwiftUpdateCheck = 1020;
				LastUpgradeCheck = 1020;
				ORGANIZATIONNAME = admin;
				TargetAttributes = {
					84AD5BE722D4C78900999E03 = {
						CreatedOnToolsVersion = 10.2.1;
					};
				};
			};
			buildConfigurationList = 84AD5BE322D4C78900999E03 /* Build configuration list for PBXProject "Coordinator Test" */;
			compatibilityVersion = "Xcode 9.3";
			developmentRegion = en;
			hasScannedForEncodings = 0;
			knownRegions = (
				en,
				Base,
			);
			mainGroup = 84AD5BDF22D4C78900999E03;
			productRefGroup = 84AD5BE922D4C78900999E03 /* Products */;
			projectDirPath = "";
			projectRoot = "";
			targets = (
				84AD5BE722D4C78900999E03 /* Coordinator Test */,
			);
		};
/* End PBXProject section */

/* Begin PBXResourcesBuildPhase section */
		84AD5BE622D4C78900999E03 /* Resources */ = {
			isa = PBXResourcesBuildPhase;
			buildActionMask = 2147483647;
			files = (
				84AD5BF622D4C78A00999E03 /* LaunchScreen.storyboard in Resources */,
				84AD5BF322D4C78A00999E03 /* Assets.xcassets in Resources */,
			);
			runOnlyForDeploymentPostprocessing = 0;
		};
/* End PBXResourcesBuildPhase section */

/* Begin PBXSourcesBuildPhase section */
		84AD5BE422D4C78900999E03 /* Sources */ = {
			isa = PBXSourcesBuildPhase;
			buildActionMask = 2147483647;
			files = (
				84AD5C0622D4CB6B00999E03 /* CreateViewController.swift in Sources */,
				84AD5C1722D505C000999E03 /* OpeningControllerCoordinator.swift in Sources */,
				84AD5BEE22D4C78900999E03 /* FirstController.swift in Sources */,
				84AD5C1322D5027B00999E03 /* SecondController.swift in Sources */,
				84AD5C1522D5049800999E03 /* OpeningController.swift in Sources */,
				840B18BD22D695610058725D /* AnotherTabCoordinator.swift in Sources */,
				84EE59B722D64A3B004BD2E2 /* AnotherTabController.swift in Sources */,
				84AD5BEC22D4C78900999E03 /* AppDelegate.swift in Sources */,
				84AD5BFE22D4C79D00999E03 /* Coordinator.swift in Sources */,
				84EE59BB22D64B87004BD2E2 /* FirstControllerCoordinator.swift in Sources */,
				840B18CF22D789BD0058725D /* BuyCoordinator.swift in Sources */,
				84AD5C0422D4CB5D00999E03 /* BuyViewController.swift in Sources */,
				84EE59B922D64B7B004BD2E2 /* SecondControllerCoordinator.swift in Sources */,
			);
			runOnlyForDeploymentPostprocessing = 0;
		};
/* End PBXSourcesBuildPhase section */

/* Begin PBXVariantGroup section */
		84AD5BF422D4C78A00999E03 /* LaunchScreen.storyboard */ = {
			isa = PBXVariantGroup;
			children = (
				84AD5BF522D4C78A00999E03 /* Base */,
			);
			name = LaunchScreen.storyboard;
			sourceTree = "<group>";
		};
/* End PBXVariantGroup section */

/* Begin XCBuildConfiguration section */
		84AD5BF822D4C78A00999E03 /* Debug */ = {
			isa = XCBuildConfiguration;
			buildSettings = {
				ALWAYS_SEARCH_USER_PATHS = NO;
				CLANG_ANALYZER_NONNULL = YES;
				CLANG_ANALYZER_NUMBER_OBJECT_CONVERSION = YES_AGGRESSIVE;
				CLANG_CXX_LANGUAGE_STANDARD = "gnu++14";
				CLANG_CXX_LIBRARY = "libc++";
				CLANG_ENABLE_MODULES = YES;
				CLANG_ENABLE_OBJC_ARC = YES;
				CLANG_ENABLE_OBJC_WEAK = YES;
				CLANG_WARN_BLOCK_CAPTURE_AUTORELEASING = YES;
				CLANG_WARN_BOOL_CONVERSION = YES;
				CLANG_WARN_COMMA = YES;
				CLANG_WARN_CONSTANT_CONVERSION = YES;
				CLANG_WARN_DEPRECATED_OBJC_IMPLEMENTATIONS = YES;
				CLANG_WARN_DIRECT_OBJC_ISA_USAGE = YES_ERROR;
				CLANG_WARN_DOCUMENTATION_COMMENTS = YES;
				CLANG_WARN_EMPTY_BODY = YES;
				CLANG_WARN_ENUM_CONVERSION = YES;
				CLANG_WARN_INFINITE_RECURSION = YES;
				CLANG_WARN_INT_CONVERSION = YES;
				CLANG_WARN_NON_LITERAL_NULL_CONVERSION = YES;
				CLANG_WARN_OBJC_IMPLICIT_RETAIN_SELF = YES;
				CLANG_WARN_OBJC_LITERAL_CONVERSION = YES;
				CLANG_WARN_OBJC_ROOT_CLASS = YES_ERROR;
				CLANG_WARN_RANGE_LOOP_ANALYSIS = YES;
				CLANG_WARN_STRICT_PROTOTYPES = YES;
				CLANG_WARN_SUSPICIOUS_MOVE = YES;
				CLANG_WARN_UNGUARDED_AVAILABILITY = YES_AGGRESSIVE;
				CLANG_WARN_UNREACHABLE_CODE = YES;
				CLANG_WARN__DUPLICATE_METHOD_MATCH = YES;
				CODE_SIGN_IDENTITY = "iPhone Developer";
				COPY_PHASE_STRIP = NO;
				DEBUG_INFORMATION_FORMAT = dwarf;
				ENABLE_STRICT_OBJC_MSGSEND = YES;
				ENABLE_TESTABILITY = YES;
				GCC_C_LANGUAGE_STANDARD = gnu11;
				GCC_DYNAMIC_NO_PIC = NO;
				GCC_NO_COMMON_BLOCKS = YES;
				GCC_OPTIMIZATION_LEVEL = 0;
				GCC_PREPROCESSOR_DEFINITIONS = (
					"DEBUG=1",
					"$(inherited)",
				);
				GCC_WARN_64_TO_32_BIT_CONVERSION = YES;
				GCC_WARN_ABOUT_RETURN_TYPE = YES_ERROR;
				GCC_WARN_UNDECLARED_SELECTOR = YES;
				GCC_WARN_UNINITIALIZED_AUTOS = YES_AGGRESSIVE;
				GCC_WARN_UNUSED_FUNCTION = YES;
				GCC_WARN_UNUSED_VARIABLE = YES;
				IPHONEOS_DEPLOYMENT_TARGET = 12.2;
				MTL_ENABLE_DEBUG_INFO = INCLUDE_SOURCE;
				MTL_FAST_MATH = YES;
				ONLY_ACTIVE_ARCH = YES;
				SDKROOT = iphoneos;
				SWIFT_ACTIVE_COMPILATION_CONDITIONS = DEBUG;
				SWIFT_OPTIMIZATION_LEVEL = "-Onone";
			};
			name = Debug;
		};
		84AD5BF922D4C78A00999E03 /* Release */ = {
			isa = XCBuildConfiguration;
			buildSettings = {
				ALWAYS_SEARCH_USER_PATHS = NO;
				CLANG_ANALYZER_NONNULL = YES;
				CLANG_ANALYZER_NUMBER_OBJECT_CONVERSION = YES_AGGRESSIVE;
				CLANG_CXX_LANGUAGE_STANDARD = "gnu++14";
				CLANG_CXX_LIBRARY = "libc++";
				CLANG_ENABLE_MODULES = YES;
				CLANG_ENABLE_OBJC_ARC = YES;
				CLANG_ENABLE_OBJC_WEAK = YES;
				CLANG_WARN_BLOCK_CAPTURE_AUTORELEASING = YES;
				CLANG_WARN_BOOL_CONVERSION = YES;
				CLANG_WARN_COMMA = YES;
				CLANG_WARN_CONSTANT_CONVERSION = YES;
				CLANG_WARN_DEPRECATED_OBJC_IMPLEMENTATIONS = YES;
				CLANG_WARN_DIRECT_OBJC_ISA_USAGE = YES_ERROR;
				CLANG_WARN_DOCUMENTATION_COMMENTS = YES;
				CLANG_WARN_EMPTY_BODY = YES;
				CLANG_WARN_ENUM_CONVERSION = YES;
				CLANG_WARN_INFINITE_RECURSION = YES;
				CLANG_WARN_INT_CONVERSION = YES;
				CLANG_WARN_NON_LITERAL_NULL_CONVERSION = YES;
				CLANG_WARN_OBJC_IMPLICIT_RETAIN_SELF = YES;
				CLANG_WARN_OBJC_LITERAL_CONVERSION = YES;
				CLANG_WARN_OBJC_ROOT_CLASS = YES_ERROR;
				CLANG_WARN_RANGE_LOOP_ANALYSIS = YES;
				CLANG_WARN_STRICT_PROTOTYPES = YES;
				CLANG_WARN_SUSPICIOUS_MOVE = YES;
				CLANG_WARN_UNGUARDED_AVAILABILITY = YES_AGGRESSIVE;
				CLANG_WARN_UNREACHABLE_CODE = YES;
				CLANG_WARN__DUPLICATE_METHOD_MATCH = YES;
				CODE_SIGN_IDENTITY = "iPhone Developer";
				COPY_PHASE_STRIP = NO;
				DEBUG_INFORMATION_FORMAT = "dwarf-with-dsym";
				ENABLE_NS_ASSERTIONS = NO;
				ENABLE_STRICT_OBJC_MSGSEND = YES;
				GCC_C_LANGUAGE_STANDARD = gnu11;
				GCC_NO_COMMON_BLOCKS = YES;
				GCC_WARN_64_TO_32_BIT_CONVERSION = YES;
				GCC_WARN_ABOUT_RETURN_TYPE = YES_ERROR;
				GCC_WARN_UNDECLARED_SELECTOR = YES;
				GCC_WARN_UNINITIALIZED_AUTOS = YES_AGGRESSIVE;
				GCC_WARN_UNUSED_FUNCTION = YES;
				GCC_WARN_UNUSED_VARIABLE = YES;
				IPHONEOS_DEPLOYMENT_TARGET = 12.2;
				MTL_ENABLE_DEBUG_INFO = NO;
				MTL_FAST_MATH = YES;
				SDKROOT = iphoneos;
				SWIFT_COMPILATION_MODE = wholemodule;
				SWIFT_OPTIMIZATION_LEVEL = "-O";
				VALIDATE_PRODUCT = YES;
			};
			name = Release;
		};
		84AD5BFB22D4C78A00999E03 /* Debug */ = {
			isa = XCBuildConfiguration;
			buildSettings = {
				ASSETCATALOG_COMPILER_APPICON_NAME = AppIcon;
				CODE_SIGN_STYLE = Automatic;
				DEVELOPMENT_TEAM = S47KDE6E7N;
				INFOPLIST_FILE = "Coordinator Test/Info.plist";
				LD_RUNPATH_SEARCH_PATHS = (
					"$(inherited)",
					"@executable_path/Frameworks",
				);
				PRODUCT_BUNDLE_IDENTIFIER = "asdf.ewr.eu.Coordinator-Test";
				PRODUCT_NAME = "$(TARGET_NAME)";
				SWIFT_VERSION = 5.0;
				TARGETED_DEVICE_FAMILY = "1,2";
			};
			name = Debug;
		};
		84AD5BFC22D4C78A00999E03 /* Release */ = {
			isa = XCBuildConfiguration;
			buildSettings = {
				ASSETCATALOG_COMPILER_APPICON_NAME = AppIcon;
				CODE_SIGN_STYLE = Automatic;
				DEVELOPMENT_TEAM = S47KDE6E7N;
				INFOPLIST_FILE = "Coordinator Test/Info.plist";
				LD_RUNPATH_SEARCH_PATHS = (
					"$(inherited)",
					"@executable_path/Frameworks",
				);
				PRODUCT_BUNDLE_IDENTIFIER = "asdf.ewr.eu.Coordinator-Test";
				PRODUCT_NAME = "$(TARGET_NAME)";
				SWIFT_VERSION = 5.0;
				TARGETED_DEVICE_FAMILY = "1,2";
			};
			name = Release;
		};
/* End XCBuildConfiguration section */

/* Begin XCConfigurationList section */
		84AD5BE322D4C78900999E03 /* Build configuration list for PBXProject "Coordinator Test" */ = {
			isa = XCConfigurationList;
			buildConfigurations = (
				84AD5BF822D4C78A00999E03 /* Debug */,
				84AD5BF922D4C78A00999E03 /* Release */,
			);
			defaultConfigurationIsVisible = 0;
			defaultConfigurationName = Release;
		};
		84AD5BFA22D4C78A00999E03 /* Build configuration list for PBXNativeTarget "Coordinator Test" */ = {
			isa = XCConfigurationList;
			buildConfigurations = (
				84AD5BFB22D4C78A00999E03 /* Debug */,
				84AD5BFC22D4C78A00999E03 /* Release */,
			);
			defaultConfigurationIsVisible = 0;
			defaultConfigurationName = Release;
		};
/* End XCConfigurationList section */
	};
	rootObject = 84AD5BE022D4C78900999E03 /* Project object */;
}
